
Microsoft Visual Studio Solution File, Format Version 12.00
# Visual Studio Version 17
VisualStudioVersion = 17.13.35828.75 d17.13
MinimumVisualStudioVersion = 10.0.40219.1
Project("{FAE04EC0-301F-11D3-BF4B-00C04F79EFBC}") = "Demo.App", "Demo.App\Demo.App.csproj", "{333A7730-79A0-433C-BE74-5FFC4B8D3107}"
EndProject
Project("{FAE04EC0-301F-11D3-BF4B-00C04F79EFBC}") = "Demo.Tests", "Demo.Tests\Demo.Tests.csproj", "{32B8CDF8-708F-4E4D-9042-E83797802B12}"
EndProject
Global
	GlobalSection(SolutionConfigurationPlatforms) = preSolution
		Debug|Any CPU = Debug|Any CPU
		Release|Any CPU = Release|Any CPU
	EndGlobalSection
	GlobalSection(ProjectConfigurationPlatforms) = postSolution
		{333A7730-79A0-433C-BE74-5FFC4B8D3107}.Debug|Any CPU.ActiveCfg = Debug|Any CPU
		{333A7730-79A0-433C-BE74-5FFC4B8D3107}.Debug|Any CPU.Build.0 = Debug|Any CPU
		{333A7730-79A0-433C-BE74-5FFC4B8D3107}.Release|Any CPU.ActiveCfg = Release|Any CPU
		{333A7730-79A0-433C-BE74-5FFC4B8D3107}.Release|Any CPU.Build.0 = Release|Any CPU
		{32B8CDF8-708F-4E4D-9042-E83797802B12}.Debug|Any CPU.ActiveCfg = Debug|Any CPU
		{32B8CDF8-708F-4E4D-9042-E83797802B12}.Debug|Any CPU.Build.0 = Debug|Any CPU
		{32B8CDF8-708F-4E4D-9042-E83797802B12}.Release|Any CPU.ActiveCfg = Release|Any CPU
		{32B8CDF8-708F-4E4D-9042-E83797802B12}.Release|Any CPU.Build.0 = Release|Any CPU
	EndGlobalSection
	GlobalSection(SolutionProperties) = preSolution
		HideSolutionNode = FALSE
	EndGlobalSection
	GlobalSection(ExtensibilityGlobals) = postSolution
		SolutionGuid = {473D3F45-0C8A-4279-9A43-7B8F0304273C}
	EndGlobalSection
EndGlobal
